
Microsoft Visual Studio Solution File, Format Version 12.00
# Visual Studio Version 17
VisualStudioVersion = 17.5.33424.131
MinimumVisualStudioVersion = 10.0.40219.1
Project("{FAE04EC0-301F-11D3-BF4B-00C04F79EFBC}") = "ZarzadzaniaESklepem", "ConsoleApp1\ZarzadzaniaESklepem.csproj", "{5F3A10FA-D849-4CD5-A34E-CC0A7ADDF582}"
EndProject
Global
	GlobalSection(SolutionConfigurationPlatforms) = preSolution
		Debug|Any CPU = Debug|Any CPU
		Release|Any CPU = Release|Any CPU
	EndGlobalSection
	GlobalSection(ProjectConfigurationPlatforms) = postSolution
		{5F3A10FA-D849-4CD5-A34E-CC0A7ADDF582}.Debug|Any CPU.ActiveCfg = Debug|Any CPU
		{5F3A10FA-D849-4CD5-A34E-CC0A7ADDF582}.Debug|Any CPU.Build.0 = Debug|Any CPU
		{5F3A10FA-D849-4CD5-A34E-CC0A7ADDF582}.Release|Any CPU.ActiveCfg = Release|Any CPU
		{5F3A10FA-D849-4CD5-A34E-CC0A7ADDF582}.Release|Any CPU.Build.0 = Release|Any CPU
	EndGlobalSection
	GlobalSection(SolutionProperties) = preSolution
		HideSolutionNode = FALSE
	EndGlobalSection
	GlobalSection(ExtensibilityGlobals) = postSolution
		SolutionGuid = {B2B2B523-8A64-48F5-80F4-41668A0CBAD6}
	EndGlobalSection
EndGlobal
